
Microsoft Visual Studio Solution File, Format Version 12.00
# Visual Studio 15
VisualStudioVersion = 15.0.27703.2026
MinimumVisualStudioVersion = 10.0.40219.1
Project("{FAE04EC0-301F-11D3-BF4B-00C04F79EFBC}") = "CampoTreinamento.RenomearFotos.App", "CampoTreinamento.RenomearFotos.App\CampoTreinamento.RenomearFotos.App.csproj", "{214B353B-0226-4315-918D-F096C294E68E}"
EndProject
Project("{FAE04EC0-301F-11D3-BF4B-00C04F79EFBC}") = "CampoTreinamento.BaixarCapitulos", "CampoTreinamento.BaixarCapitulos\CampoTreinamento.BaixarCapitulos.csproj", "{3FAF547C-B308-4925-8749-A628E487A3E0}"
EndProject
Global
	GlobalSection(SolutionConfigurationPlatforms) = preSolution
		Debug|Any CPU = Debug|Any CPU
		Release|Any CPU = Release|Any CPU
	EndGlobalSection
	GlobalSection(ProjectConfigurationPlatforms) = postSolution
		{214B353B-0226-4315-918D-F096C294E68E}.Debug|Any CPU.ActiveCfg = Debug|Any CPU
		{214B353B-0226-4315-918D-F096C294E68E}.Debug|Any CPU.Build.0 = Debug|Any CPU
		{214B353B-0226-4315-918D-F096C294E68E}.Release|Any CPU.ActiveCfg = Release|Any CPU
		{214B353B-0226-4315-918D-F096C294E68E}.Release|Any CPU.Build.0 = Release|Any CPU
		{3FAF547C-B308-4925-8749-A628E487A3E0}.Debug|Any CPU.ActiveCfg = Debug|Any CPU
		{3FAF547C-B308-4925-8749-A628E487A3E0}.Debug|Any CPU.Build.0 = Debug|Any CPU
		{3FAF547C-B308-4925-8749-A628E487A3E0}.Release|Any CPU.ActiveCfg = Release|Any CPU
		{3FAF547C-B308-4925-8749-A628E487A3E0}.Release|Any CPU.Build.0 = Release|Any CPU
	EndGlobalSection
	GlobalSection(SolutionProperties) = preSolution
		HideSolutionNode = FALSE
	EndGlobalSection
	GlobalSection(ExtensibilityGlobals) = postSolution
		SolutionGuid = {451BD89D-AF90-41A8-B597-CE1CB709800E}
	EndGlobalSection
EndGlobal
